// !$*UTF8*$!
{
	archiveVersion = 1;
	classes = {
	};
	objectVersion = 50;
	objects = {

/* Begin PBXFileReference section */
		4B3345DC250B690500B7A144 /* ultimate_ci_detect.mdoc */ = {isa = PBXFileReference; lastKnownFileType = text; path = ultimate_ci_detect.mdoc; sourceTree = "<group>"; };
		4B3345DD250B690500B7A144 /* ci-write.s */ = {isa = PBXFileReference; lastKnownFileType = sourcecode.asm; path = "ci-write.s"; sourceTree = "<group>"; };
		4B3345DF250B690500B7A144 /* ci-status.c */ = {isa = PBXFileReference; lastKnownFileType = sourcecode.c.c; path = "ci-status.c"; sourceTree = "<group>"; };
		4B3345E0250B690500B7A144 /* dos-file-seek.c */ = {isa = PBXFileReference; lastKnownFileType = sourcecode.c.c; path = "dos-file-seek.c"; sourceTree = "<group>"; };
		4B3345E2250B690500B7A144 /* ci-read-not.c */ = {isa = PBXFileReference; lastKnownFileType = sourcecode.c.c; path = "ci-read-not.c"; sourceTree = "<group>"; };
		4B3345E4250B690500B7A144 /* dos-save-reu.c */ = {isa = PBXFileReference; lastKnownFileType = sourcecode.c.c; path = "dos-save-reu.c"; sourceTree = "<group>"; };
		4B3345E5250B690500B7A144 /* net.h */ = {isa = PBXFileReference; lastKnownFileType = sourcecode.c.h; path = net.h; sourceTree = "<group>"; };
		4B3345E8250B690500B7A144 /* dos-get-path.c */ = {isa = PBXFileReference; lastKnownFileType = sourcecode.c.c; path = "dos-get-path.c"; sourceTree = "<group>"; };
		4B3345E9250B690500B7A144 /* dos-read-data.c */ = {isa = PBXFileReference; lastKnownFileType = sourcecode.c.c; path = "dos-read-data.c"; sourceTree = "<group>"; };
		4B3345EA250B690500B7A144 /* dos-identify.c */ = {isa = PBXFileReference; lastKnownFileType = sourcecode.c.c; path = "dos-identify.c"; sourceTree = "<group>"; };
		4B3345EC250B690500B7A144 /* ci-detect.c */ = {isa = PBXFileReference; lastKnownFileType = sourcecode.c.c; path = "ci-detect.c"; sourceTree = "<group>"; };
		4B3345ED250B690500B7A144 /* ci-ascii2pet.c */ = {isa = PBXFileReference; lastKnownFileType = sourcecode.c.c; path = "ci-ascii2pet.c"; sourceTree = "<group>"; };
		4B3345EE250B690500B7A144 /* Makefile */ = {isa = PBXFileReference; lastKnownFileType = sourcecode.make; path = Makefile; sourceTree = "<group>"; };
		4B3345EF250B690500B7A144 /* dos-write-data.c */ = {isa = PBXFileReference; lastKnownFileType = sourcecode.c.c; path = "dos-write-data.c"; sourceTree = "<group>"; };
		4B3345F1250B690500B7A144 /* dos-buffer.c */ = {isa = PBXFileReference; lastKnownFileType = sourcecode.c.c; path = "dos-buffer.c"; sourceTree = "<group>"; };
		4B3345F3250B690500B7A144 /* dos-file-stat.c */ = {isa = PBXFileReference; lastKnownFileType = sourcecode.c.c; path = "dos-file-stat.c"; sourceTree = "<group>"; };
		4B3345F6250B690500B7A144 /* ci-write-string.c */ = {isa = PBXFileReference; lastKnownFileType = sourcecode.c.c; path = "ci-write-string.c"; sourceTree = "<group>"; };
		4B3345F7250B690500B7A144 /* dos-delete-file.c */ = {isa = PBXFileReference; lastKnownFileType = sourcecode.c.c; path = "dos-delete-file.c"; sourceTree = "<group>"; };
		4B3345F8250B690500B7A144 /* dos-open-file.c */ = {isa = PBXFileReference; lastKnownFileType = sourcecode.c.c; path = "dos-open-file.c"; sourceTree = "<group>"; };
		4B3345FA250B690500B7A144 /* dos-load-reu.c */ = {isa = PBXFileReference; lastKnownFileType = sourcecode.c.c; path = "dos-load-reu.c"; sourceTree = "<group>"; };
		4B3345FB250B690500B7A144 /* dos-internal.h */ = {isa = PBXFileReference; lastKnownFileType = sourcecode.c.h; path = "dos-internal.h"; sourceTree = "<group>"; };
		4B3345FD250B690500B7A144 /* ci.h */ = {isa = PBXFileReference; lastKnownFileType = sourcecode.c.h; path = ci.h; sourceTree = "<group>"; };
		4B334600250B690500B7A144 /* dos-copy-ui-path.c */ = {isa = PBXFileReference; lastKnownFileType = sourcecode.c.c; path = "dos-copy-ui-path.c"; sourceTree = "<group>"; };
		4B334601250B690500B7A144 /* dos-copy-file.c */ = {isa = PBXFileReference; lastKnownFileType = sourcecode.c.c; path = "dos-copy-file.c"; sourceTree = "<group>"; };
		4B334602250B690500B7A144 /* dos-copy-home-path.c */ = {isa = PBXFileReference; lastKnownFileType = sourcecode.c.c; path = "dos-copy-home-path.c"; sourceTree = "<group>"; };
		4B334606250B690500B7A144 /* ci-done.c */ = {isa = PBXFileReference; lastKnownFileType = sourcecode.c.c; path = "ci-done.c"; sourceTree = "<group>"; };
		4B334608250B690500B7A144 /* ci-execute.c */ = {isa = PBXFileReference; lastKnownFileType = sourcecode.c.c; path = "ci-execute.c"; sourceTree = "<group>"; };
		4B33460A250B690500B7A144 /* dos-get-string.c */ = {isa = PBXFileReference; lastKnownFileType = sourcecode.c.c; path = "dos-get-string.c"; sourceTree = "<group>"; };
		4B33460B250B690500B7A144 /* dos-create-dir.c */ = {isa = PBXFileReference; lastKnownFileType = sourcecode.c.c; path = "dos-create-dir.c"; sourceTree = "<group>"; };
		4B33460E250B690500B7A144 /* dos-rename-file.c */ = {isa = PBXFileReference; lastKnownFileType = sourcecode.c.c; path = "dos-rename-file.c"; sourceTree = "<group>"; };
		4B33460F250B690500B7A144 /* dos-file-info.c */ = {isa = PBXFileReference; lastKnownFileType = sourcecode.c.c; path = "dos-file-info.c"; sourceTree = "<group>"; };
		4B334613250B690500B7A144 /* dos.h */ = {isa = PBXFileReference; lastKnownFileType = sourcecode.c.h; path = dos.h; sourceTree = "<group>"; };
		4B334615250B690500B7A144 /* dos-change-dir.c */ = {isa = PBXFileReference; lastKnownFileType = sourcecode.c.c; path = "dos-change-dir.c"; sourceTree = "<group>"; };
		4B334617250B690500B7A144 /* dos-close-file.c */ = {isa = PBXFileReference; lastKnownFileType = sourcecode.c.c; path = "dos-close-file.c"; sourceTree = "<group>"; };
		4B33461B250B690500B7A144 /* ramlink.h */ = {isa = PBXFileReference; lastKnownFileType = sourcecode.c.h; path = ramlink.h; sourceTree = "<group>"; };
		4B33461C250B690500B7A144 /* ramlink-copy.c */ = {isa = PBXFileReference; lastKnownFileType = sourcecode.c.c; path = "ramlink-copy.c"; sourceTree = "<group>"; };
		4B33461D250B690500B7A144 /* ramlink-detect.c */ = {isa = PBXFileReference; lastKnownFileType = sourcecode.c.c; path = "ramlink-detect.c"; sourceTree = "<group>"; };
		4B33461E250B690500B7A144 /* ramlink-get-size.c */ = {isa = PBXFileReference; lastKnownFileType = sourcecode.c.c; path = "ramlink-get-size.c"; sourceTree = "<group>"; };
		4B33461F250B690500B7A144 /* Makefile */ = {isa = PBXFileReference; lastKnownFileType = sourcecode.make; path = Makefile; sourceTree = "<group>"; };
		4B334622250B690500B7A144 /* ramlink-detect.o */ = {isa = PBXFileReference; lastKnownFileType = "compiled.mach-o.objfile"; path = "ramlink-detect.o"; sourceTree = "<group>"; };
		4B334623250B690500B7A144 /* ramlink-reu-dma.c */ = {isa = PBXFileReference; lastKnownFileType = sourcecode.c.c; path = "ramlink-reu-dma.c"; sourceTree = "<group>"; };
		4B334625250B690500B7A144 /* ramlink-copy-block.c */ = {isa = PBXFileReference; lastKnownFileType = sourcecode.c.c; path = "ramlink-copy-block.c"; sourceTree = "<group>"; };
		4B33462A250B690500B7A144 /* reu.h */ = {isa = PBXFileReference; lastKnownFileType = sourcecode.c.h; path = reu.h; sourceTree = "<group>"; };
		4B33462B250B690500B7A144 /* reu-copy.c */ = {isa = PBXFileReference; lastKnownFileType = sourcecode.c.c; path = "reu-copy.c"; sourceTree = "<group>"; };
		4B33462C250B690500B7A144 /* Makefile */ = {isa = PBXFileReference; lastKnownFileType = sourcecode.make; path = Makefile; sourceTree = "<group>"; };
		4B33462D250B690500B7A144 /* reu-detect.c */ = {isa = PBXFileReference; lastKnownFileType = sourcecode.c.c; path = "reu-detect.c"; sourceTree = "<group>"; };
		4B33463C250B6CD500B7A144 /* timer-cia.c */ = {isa = PBXFileReference; lastKnownFileType = sourcecode.c.c; path = "timer-cia.c"; sourceTree = "<group>"; };
		4B33463D250B6CD500B7A144 /* mkd64 */ = {isa = PBXFileReference; lastKnownFileType = text; path = mkd64; sourceTree = "<group>"; };
		4B33463E250B6CD500B7A144 /* tachyon.h */ = {isa = PBXFileReference; lastKnownFileType = sourcecode.c.h; path = tachyon.h; sourceTree = "<group>"; };
		4B33463F250B6CD500B7A144 /* write-test.c */ = {isa = PBXFileReference; lastKnownFileType = sourcecode.c.c; path = "write-test.c"; sourceTree = "<group>"; };
		4B334640250B6CD500B7A144 /* filelist */ = {isa = PBXFileReference; lastKnownFileType = text; path = filelist; sourceTree = "<group>"; };
		4B334641250B6CD500B7A144 /* ramlink.o */ = {isa = PBXFileReference; lastKnownFileType = "compiled.mach-o.objfile"; path = ramlink.o; sourceTree = "<group>"; };
		4B334642250B6CD500B7A144 /* Makefile */ = {isa = PBXFileReference; lastKnownFileType = sourcecode.make; path = Makefile; sourceTree = "<group>"; };
		4B334643250B6CD500B7A144 /* backup-reu.c */ = {isa = PBXFileReference; lastKnownFileType = sourcecode.c.c; path = "backup-reu.c"; sourceTree = "<group>"; };
		4B334644250B6CD500B7A144 /* backup.o */ = {isa = PBXFileReference; lastKnownFileType = "compiled.mach-o.objfile"; path = backup.o; sourceTree = "<group>"; };
		4B334645250B6CD500B7A144 /* main.c */ = {isa = PBXFileReference; lastKnownFileType = sourcecode.c.c; path = main.c; sourceTree = "<group>"; };
		4B334647250B6CD500B7A144 /* restore-ultimate.o */ = {isa = PBXFileReference; lastKnownFileType = "compiled.mach-o.objfile"; path = "restore-ultimate.o"; sourceTree = "<group>"; };
		4B334648250B6CD500B7A144 /* detect.c */ = {isa = PBXFileReference; lastKnownFileType = sourcecode.c.c; path = detect.c; sourceTree = "<group>"; };
		4B334649250B6CD500B7A144 /* timer.h */ = {isa = PBXFileReference; lastKnownFileType = sourcecode.c.h; path = timer.h; sourceTree = "<group>"; };
		4B33464A250B6D5C00B7A144 /* backup-reu-dma.c */ = {isa = PBXFileReference; lastKnownFileType = sourcecode.c.c; path = "backup-reu-dma.c"; sourceTree = "<group>"; };
		4B33464B250B71DF00B7A144 /* backup-dos.c */ = {isa = PBXFileReference; lastKnownFileType = sourcecode.c.c; path = "backup-dos.c"; sourceTree = "<group>"; };
		4B33464C250B729600B7A144 /* restore-reu-dma.c */ = {isa = PBXFileReference; lastKnownFileType = sourcecode.c.c; path = "restore-reu-dma.c"; sourceTree = "<group>"; };
		4B33464D250B757A00B7A144 /* buffer.c */ = {isa = PBXFileReference; lastKnownFileType = sourcecode.c.c; path = buffer.c; sourceTree = "<group>"; };
		4B33464F250BB5B100B7A144 /* backup.c */ = {isa = PBXFileReference; lastKnownFileType = sourcecode.c.c; path = backup.c; sourceTree = "<group>"; };
		4B334650250BB72D00B7A144 /* restore.c */ = {isa = PBXFileReference; lastKnownFileType = sourcecode.c.c; path = restore.c; sourceTree = "<group>"; };
		4B334651250BB86800B7A144 /* restore-reu.c */ = {isa = PBXFileReference; lastKnownFileType = sourcecode.c.c; path = "restore-reu.c"; sourceTree = "<group>"; };
		4B334652250BB87700B7A144 /* restore-dos.c */ = {isa = PBXFileReference; lastKnownFileType = sourcecode.c.c; path = "restore-dos.c"; sourceTree = "<group>"; };
		4B334653250CC8D900B7A144 /* ci-read.s */ = {isa = PBXFileReference; lastKnownFileType = sourcecode.asm; path = "ci-read.s"; sourceTree = "<group>"; };
		4B334654250D6A8600B7A144 /* help.c */ = {isa = PBXFileReference; lastKnownFileType = sourcecode.c.c; path = help.c; sourceTree = "<group>"; };
		4B334655250D6CD100B7A144 /* help_screen.s */ = {isa = PBXFileReference; lastKnownFileType = sourcecode.asm; path = help_screen.s; sourceTree = "<group>"; };
		4B9B7EFD250BA36000DD3AFB /* rl-reu.c */ = {isa = PBXFileReference; lastKnownFileType = sourcecode.c.c; path = "rl-reu.c"; sourceTree = "<group>"; };
		4B9B7EFE250D2F0900DD3AFB /* read-test.c */ = {isa = PBXFileReference; lastKnownFileType = sourcecode.c.c; path = "read-test.c"; sourceTree = "<group>"; };
/* End PBXFileReference section */

/* Begin PBXGroup section */
		4B3345D2250B689200B7A144 = {
			isa = PBXGroup;
			children = (
				4B33462F250B695E00B7A144 /* src */,
				4B33461A250B690500B7A144 /* ramlink */,
				4B334627250B690500B7A144 /* reu */,
				4B3345D9250B690400B7A144 /* ultimate */,
			);
			sourceTree = "<group>";
		};
		4B3345D9250B690400B7A144 /* ultimate */ = {
			isa = PBXGroup;
			children = (
				4B3345ED250B690500B7A144 /* ci-ascii2pet.c */,
				4B3345EC250B690500B7A144 /* ci-detect.c */,
				4B334606250B690500B7A144 /* ci-done.c */,
				4B334608250B690500B7A144 /* ci-execute.c */,
				4B3345E2250B690500B7A144 /* ci-read-not.c */,
				4B334653250CC8D900B7A144 /* ci-read.s */,
				4B3345DF250B690500B7A144 /* ci-status.c */,
				4B3345F6250B690500B7A144 /* ci-write-string.c */,
				4B3345DD250B690500B7A144 /* ci-write.s */,
				4B3345FD250B690500B7A144 /* ci.h */,
				4B3345F1250B690500B7A144 /* dos-buffer.c */,
				4B334615250B690500B7A144 /* dos-change-dir.c */,
				4B334617250B690500B7A144 /* dos-close-file.c */,
				4B334601250B690500B7A144 /* dos-copy-file.c */,
				4B334602250B690500B7A144 /* dos-copy-home-path.c */,
				4B334600250B690500B7A144 /* dos-copy-ui-path.c */,
				4B33460B250B690500B7A144 /* dos-create-dir.c */,
				4B3345F7250B690500B7A144 /* dos-delete-file.c */,
				4B33460F250B690500B7A144 /* dos-file-info.c */,
				4B3345E0250B690500B7A144 /* dos-file-seek.c */,
				4B3345F3250B690500B7A144 /* dos-file-stat.c */,
				4B3345E8250B690500B7A144 /* dos-get-path.c */,
				4B33460A250B690500B7A144 /* dos-get-string.c */,
				4B3345EA250B690500B7A144 /* dos-identify.c */,
				4B3345FB250B690500B7A144 /* dos-internal.h */,
				4B3345FA250B690500B7A144 /* dos-load-reu.c */,
				4B3345F8250B690500B7A144 /* dos-open-file.c */,
				4B3345E9250B690500B7A144 /* dos-read-data.c */,
				4B33460E250B690500B7A144 /* dos-rename-file.c */,
				4B3345E4250B690500B7A144 /* dos-save-reu.c */,
				4B3345EF250B690500B7A144 /* dos-write-data.c */,
				4B334613250B690500B7A144 /* dos.h */,
				4B3345EE250B690500B7A144 /* Makefile */,
				4B3345DB250B690500B7A144 /* man */,
				4B3345E5250B690500B7A144 /* net.h */,
			);
			name = ultimate;
			path = ../ultimate;
			sourceTree = "<group>";
		};
		4B3345DB250B690500B7A144 /* man */ = {
			isa = PBXGroup;
			children = (
				4B3345DC250B690500B7A144 /* ultimate_ci_detect.mdoc */,
			);
			path = man;
			sourceTree = "<group>";
		};
		4B33461A250B690500B7A144 /* ramlink */ = {
			isa = PBXGroup;
			children = (
				4B33461F250B690500B7A144 /* Makefile */,
				4B334625250B690500B7A144 /* ramlink-copy-block.c */,
				4B33461C250B690500B7A144 /* ramlink-copy.c */,
				4B33461D250B690500B7A144 /* ramlink-detect.c */,
				4B334622250B690500B7A144 /* ramlink-detect.o */,
				4B33461E250B690500B7A144 /* ramlink-get-size.c */,
				4B334623250B690500B7A144 /* ramlink-reu-dma.c */,
				4B33461B250B690500B7A144 /* ramlink.h */,
			);
			name = ramlink;
			path = ../ramlink;
			sourceTree = "<group>";
		};
		4B334627250B690500B7A144 /* reu */ = {
			isa = PBXGroup;
			children = (
				4B33462C250B690500B7A144 /* Makefile */,
				4B33462B250B690500B7A144 /* reu-copy.c */,
				4B33462D250B690500B7A144 /* reu-detect.c */,
				4B33462A250B690500B7A144 /* reu.h */,
			);
			name = reu;
			path = ../reu;
			sourceTree = "<group>";
		};
		4B33462F250B695E00B7A144 /* src */ = {
			isa = PBXGroup;
			children = (
				4B33464B250B71DF00B7A144 /* backup-dos.c */,
				4B33464A250B6D5C00B7A144 /* backup-reu-dma.c */,
				4B334643250B6CD500B7A144 /* backup-reu.c */,
				4B33464F250BB5B100B7A144 /* backup.c */,
				4B334644250B6CD500B7A144 /* backup.o */,
				4B33464D250B757A00B7A144 /* buffer.c */,
				4B334648250B6CD500B7A144 /* detect.c */,
				4B334640250B6CD500B7A144 /* filelist */,
				4B334655250D6CD100B7A144 /* help_screen.s */,
				4B334654250D6A8600B7A144 /* help.c */,
				4B334645250B6CD500B7A144 /* main.c */,
				4B334642250B6CD500B7A144 /* Makefile */,
				4B33463D250B6CD500B7A144 /* mkd64 */,
				4B334641250B6CD500B7A144 /* ramlink.o */,
				4B9B7EFE250D2F0900DD3AFB /* read-test.c */,
				4B334652250BB87700B7A144 /* restore-dos.c */,
				4B33464C250B729600B7A144 /* restore-reu-dma.c */,
				4B334651250BB86800B7A144 /* restore-reu.c */,
				4B334647250B6CD500B7A144 /* restore-ultimate.o */,
				4B334650250BB72D00B7A144 /* restore.c */,
				4B9B7EFD250BA36000DD3AFB /* rl-reu.c */,
				4B33463E250B6CD500B7A144 /* tachyon.h */,
				4B33463C250B6CD500B7A144 /* timer-cia.c */,
				4B334649250B6CD500B7A144 /* timer.h */,
				4B33463F250B6CD500B7A144 /* write-test.c */,
			);
			name = src;
			path = ..;
			sourceTree = "<group>";
		};
/* End PBXGroup section */

/* Begin PBXProject section */
		4B3345D3250B689200B7A144 /* Project object */ = {
			isa = PBXProject;
			attributes = {
				LastUpgradeCheck = 1170;
			};
			buildConfigurationList = 4B3345D6250B689200B7A144 /* Build configuration list for PBXProject "Tachyon RL" */;
			compatibilityVersion = "Xcode 9.3";
			developmentRegion = en;
			hasScannedForEncodings = 0;
			knownRegions = (
				en,
				Base,
			);
			mainGroup = 4B3345D2250B689200B7A144;
			projectDirPath = "";
			projectRoot = "";
			targets = (
			);
		};
/* End PBXProject section */

/* Begin XCBuildConfiguration section */
		4B3345D7250B689200B7A144 /* Debug */ = {
			isa = XCBuildConfiguration;
			buildSettings = {
			};
			name = Debug;
		};
		4B3345D8250B689200B7A144 /* Release */ = {
			isa = XCBuildConfiguration;
			buildSettings = {
			};
			name = Release;
		};
/* End XCBuildConfiguration section */

/* Begin XCConfigurationList section */
		4B3345D6250B689200B7A144 /* Build configuration list for PBXProject "Tachyon RL" */ = {
			isa = XCConfigurationList;
			buildConfigurations = (
				4B3345D7250B689200B7A144 /* Debug */,
				4B3345D8250B689200B7A144 /* Release */,
			);
			defaultConfigurationIsVisible = 0;
			defaultConfigurationName = Release;
		};
/* End XCConfigurationList section */
	};
	rootObject = 4B3345D3250B689200B7A144 /* Project object */;
}
